// !$*UTF8*$!
{
	archiveVersion = 1;
	classes = {
	};
	objectVersion = 52;
	objects = {

/* Begin PBXBuildFile section */
		3224BDE524522DCF00D861F6 /* TNLoadingView.swift in Sources */ = {isa = PBXBuildFile; fileRef = 3224BDE424522DCF00D861F6 /* TNLoadingView.swift */; };
		3224BDE72452338E00D861F6 /* UIViewController+Ext.swift in Sources */ = {isa = PBXBuildFile; fileRef = 3224BDE62452338E00D861F6 /* UIViewController+Ext.swift */; };
		326614A7253C6253000A032F /* Constants.swift in Sources */ = {isa = PBXBuildFile; fileRef = 326614A6253C6253000A032F /* Constants.swift */; };
		326614AA253C62B4000A032F /* ArticleSearchResultCell.swift in Sources */ = {isa = PBXBuildFile; fileRef = 326614A9253C62B4000A032F /* ArticleSearchResultCell.swift */; };
		326614AE253DA347000A032F /* Endpoint.swift in Sources */ = {isa = PBXBuildFile; fileRef = 326614AD253DA347000A032F /* Endpoint.swift */; };
		3285A8FA244797BF00C1E9B9 /* TNHeaderStoryView.swift in Sources */ = {isa = PBXBuildFile; fileRef = 3285A8F9244797BF00C1E9B9 /* TNHeaderStoryView.swift */; };
		3285A8FE24479E5600C1E9B9 /* TNImageView.swift in Sources */ = {isa = PBXBuildFile; fileRef = 3285A8FD24479E5600C1E9B9 /* TNImageView.swift */; };
		3285A9022447A10700C1E9B9 /* TNSecondaryTitleLabel.swift in Sources */ = {isa = PBXBuildFile; fileRef = 3285A9012447A10700C1E9B9 /* TNSecondaryTitleLabel.swift */; };
		3285A9042447A77600C1E9B9 /* TNTitleLabel.swift in Sources */ = {isa = PBXBuildFile; fileRef = 3285A9032447A77600C1E9B9 /* TNTitleLabel.swift */; };
		3285A9072447B43700C1E9B9 /* TNTabBarController.swift in Sources */ = {isa = PBXBuildFile; fileRef = 3285A9062447B43700C1E9B9 /* TNTabBarController.swift */; };
		3285A90A2448875A00C1E9B9 /* Response.swift in Sources */ = {isa = PBXBuildFile; fileRef = 3285A9092448875A00C1E9B9 /* Response.swift */; };
		3285A90D244887C900C1E9B9 /* Article.swift in Sources */ = {isa = PBXBuildFile; fileRef = 3285A90C244887C900C1E9B9 /* Article.swift */; };
		3285A90F2448895E00C1E9B9 /* Source.swift in Sources */ = {isa = PBXBuildFile; fileRef = 3285A90E2448895E00C1E9B9 /* Source.swift */; };
		3285A9122448C7AF00C1E9B9 /* NetworkManager.swift in Sources */ = {isa = PBXBuildFile; fileRef = 3285A9112448C7AF00C1E9B9 /* NetworkManager.swift */; };
		3285A9152448D05E00C1E9B9 /* TNError.swift in Sources */ = {isa = PBXBuildFile; fileRef = 3285A9142448D05E00C1E9B9 /* TNError.swift */; };
		3285A918244A0A5D00C1E9B9 /* ArticleCell.swift in Sources */ = {isa = PBXBuildFile; fileRef = 3285A917244A0A5D00C1E9B9 /* ArticleCell.swift */; };
		3285A91B244C99CD00C1E9B9 /* String+Ext.swift in Sources */ = {isa = PBXBuildFile; fileRef = 3285A91A244C99CD00C1E9B9 /* String+Ext.swift */; };
		3285A91D244DC98900C1E9B9 /* Array+Ext.swift in Sources */ = {isa = PBXBuildFile; fileRef = 3285A91C244DC98900C1E9B9 /* Array+Ext.swift */; };
		3285A91F244E103600C1E9B9 /* Date+Ext.swift in Sources */ = {isa = PBXBuildFile; fileRef = 3285A91E244E103500C1E9B9 /* Date+Ext.swift */; };
		32A1B32C2539B4D70090FBC3 /* SDWebImage in Frameworks */ = {isa = PBXBuildFile; productRef = 32A1B32B2539B4D70090FBC3 /* SDWebImage */; };
		32B71AE024477CBC00D2A738 /* AppDelegate.swift in Sources */ = {isa = PBXBuildFile; fileRef = 32B71ADF24477CBC00D2A738 /* AppDelegate.swift */; };
		32B71AE224477CBC00D2A738 /* SceneDelegate.swift in Sources */ = {isa = PBXBuildFile; fileRef = 32B71AE124477CBC00D2A738 /* SceneDelegate.swift */; };
		32B71AE424477CBC00D2A738 /* NewsViewController.swift in Sources */ = {isa = PBXBuildFile; fileRef = 32B71AE324477CBC00D2A738 /* NewsViewController.swift */; };
		32B71AE924477CC200D2A738 /* Assets.xcassets in Resources */ = {isa = PBXBuildFile; fileRef = 32B71AE824477CC200D2A738 /* Assets.xcassets */; };
		32B71AEC24477CC200D2A738 /* LaunchScreen.storyboard in Resources */ = {isa = PBXBuildFile; fileRef = 32B71AEA24477CC200D2A738 /* LaunchScreen.storyboard */; };
		32B71AF524477E8500D2A738 /* SearchViewController.swift in Sources */ = {isa = PBXBuildFile; fileRef = 32B71AF424477E8500D2A738 /* SearchViewController.swift */; };
/* End PBXBuildFile section */

/* Begin PBXFileReference section */
		3224BDE424522DCF00D861F6 /* TNLoadingView.swift */ = {isa = PBXFileReference; lastKnownFileType = sourcecode.swift; path = TNLoadingView.swift; sourceTree = "<group>"; };
		3224BDE62452338E00D861F6 /* UIViewController+Ext.swift */ = {isa = PBXFileReference; lastKnownFileType = sourcecode.swift; path = "UIViewController+Ext.swift"; sourceTree = "<group>"; };
		326614A6253C6253000A032F /* Constants.swift */ = {isa = PBXFileReference; lastKnownFileType = sourcecode.swift; path = Constants.swift; sourceTree = "<group>"; };
		326614A9253C62B4000A032F /* ArticleSearchResultCell.swift */ = {isa = PBXFileReference; lastKnownFileType = sourcecode.swift; path = ArticleSearchResultCell.swift; sourceTree = "<group>"; };
		326614AD253DA347000A032F /* Endpoint.swift */ = {isa = PBXFileReference; lastKnownFileType = sourcecode.swift; path = Endpoint.swift; sourceTree = "<group>"; };
		3285A8F9244797BF00C1E9B9 /* TNHeaderStoryView.swift */ = {isa = PBXFileReference; lastKnownFileType = sourcecode.swift; path = TNHeaderStoryView.swift; sourceTree = "<group>"; };
		3285A8FD24479E5600C1E9B9 /* TNImageView.swift */ = {isa = PBXFileReference; lastKnownFileType = sourcecode.swift; path = TNImageView.swift; sourceTree = "<group>"; };
		3285A9012447A10700C1E9B9 /* TNSecondaryTitleLabel.swift */ = {isa = PBXFileReference; lastKnownFileType = sourcecode.swift; path = TNSecondaryTitleLabel.swift; sourceTree = "<group>"; };
		3285A9032447A77600C1E9B9 /* TNTitleLabel.swift */ = {isa = PBXFileReference; lastKnownFileType = sourcecode.swift; path = TNTitleLabel.swift; sourceTree = "<group>"; };
		3285A9062447B43700C1E9B9 /* TNTabBarController.swift */ = {isa = PBXFileReference; lastKnownFileType = sourcecode.swift; path = TNTabBarController.swift; sourceTree = "<group>"; };
		3285A9092448875A00C1E9B9 /* Response.swift */ = {isa = PBXFileReference; lastKnownFileType = sourcecode.swift; path = Response.swift; sourceTree = "<group>"; };
		3285A90C244887C900C1E9B9 /* Article.swift */ = {isa = PBXFileReference; lastKnownFileType = sourcecode.swift; path = Article.swift; sourceTree = "<group>"; };
		3285A90E2448895E00C1E9B9 /* Source.swift */ = {isa = PBXFileReference; lastKnownFileType = sourcecode.swift; path = Source.swift; sourceTree = "<group>"; };
		3285A9112448C7AF00C1E9B9 /* NetworkManager.swift */ = {isa = PBXFileReference; lastKnownFileType = sourcecode.swift; path = NetworkManager.swift; sourceTree = "<group>"; };
		3285A9142448D05E00C1E9B9 /* TNError.swift */ = {isa = PBXFileReference; lastKnownFileType = sourcecode.swift; path = TNError.swift; sourceTree = "<group>"; };
		3285A917244A0A5D00C1E9B9 /* ArticleCell.swift */ = {isa = PBXFileReference; lastKnownFileType = sourcecode.swift; path = ArticleCell.swift; sourceTree = "<group>"; };
		3285A91A244C99CD00C1E9B9 /* String+Ext.swift */ = {isa = PBXFileReference; lastKnownFileType = sourcecode.swift; path = "String+Ext.swift"; sourceTree = "<group>"; };
		3285A91C244DC98900C1E9B9 /* Array+Ext.swift */ = {isa = PBXFileReference; lastKnownFileType = sourcecode.swift; path = "Array+Ext.swift"; sourceTree = "<group>"; };
		3285A91E244E103500C1E9B9 /* Date+Ext.swift */ = {isa = PBXFileReference; lastKnownFileType = sourcecode.swift; path = "Date+Ext.swift"; sourceTree = "<group>"; };
		32B71ADC24477CBC00D2A738 /* Tech News.app */ = {isa = PBXFileReference; explicitFileType = wrapper.application; includeInIndex = 0; path = "Tech News.app"; sourceTree = BUILT_PRODUCTS_DIR; };
		32B71ADF24477CBC00D2A738 /* AppDelegate.swift */ = {isa = PBXFileReference; lastKnownFileType = sourcecode.swift; path = AppDelegate.swift; sourceTree = "<group>"; };
		32B71AE124477CBC00D2A738 /* SceneDelegate.swift */ = {isa = PBXFileReference; lastKnownFileType = sourcecode.swift; path = SceneDelegate.swift; sourceTree = "<group>"; };
		32B71AE324477CBC00D2A738 /* NewsViewController.swift */ = {isa = PBXFileReference; lastKnownFileType = sourcecode.swift; path = NewsViewController.swift; sourceTree = "<group>"; };
		32B71AE824477CC200D2A738 /* Assets.xcassets */ = {isa = PBXFileReference; lastKnownFileType = folder.assetcatalog; path = Assets.xcassets; sourceTree = "<group>"; };
		32B71AEB24477CC200D2A738 /* Base */ = {isa = PBXFileReference; lastKnownFileType = file.storyboard; name = Base; path = Base.lproj/LaunchScreen.storyboard; sourceTree = "<group>"; };
		32B71AED24477CC200D2A738 /* Info.plist */ = {isa = PBXFileReference; lastKnownFileType = text.plist.xml; path = Info.plist; sourceTree = "<group>"; };
		32B71AF424477E8500D2A738 /* SearchViewController.swift */ = {isa = PBXFileReference; lastKnownFileType = sourcecode.swift; path = SearchViewController.swift; sourceTree = "<group>"; };
/* End PBXFileReference section */

/* Begin PBXFrameworksBuildPhase section */
		32B71AD924477CBC00D2A738 /* Frameworks */ = {
			isa = PBXFrameworksBuildPhase;
			buildActionMask = 2147483647;
			files = (
				32A1B32C2539B4D70090FBC3 /* SDWebImage in Frameworks */,
			);
			runOnlyForDeploymentPostprocessing = 0;
		};
/* End PBXFrameworksBuildPhase section */

/* Begin PBXGroup section */
		326614AC253DA332000A032F /* Network */ = {
			isa = PBXGroup;
			children = (
				3285A9112448C7AF00C1E9B9 /* NetworkManager.swift */,
				326614AD253DA347000A032F /* Endpoint.swift */,
			);
			path = Network;
			sourceTree = "<group>";
		};
		3285A8F72447976700C1E9B9 /* Custom Views */ = {
			isa = PBXGroup;
			children = (
				3285A916244A0A4200C1E9B9 /* Cells */,
				3285A9052447B40A00C1E9B9 /* TabBar Controller */,
				3285A9002447A0B100C1E9B9 /* Labels */,
				3285A8FC24479E3500C1E9B9 /* Image Views */,
				3285A8FB24479DF700C1E9B9 /* Views */,
			);
			path = "Custom Views";
			sourceTree = "<group>";
		};
		3285A8F82447977400C1E9B9 /* Support */ = {
			isa = PBXGroup;
			children = (
				32B71ADF24477CBC00D2A738 /* AppDelegate.swift */,
				32B71AE124477CBC00D2A738 /* SceneDelegate.swift */,
				32B71AE824477CC200D2A738 /* Assets.xcassets */,
				32B71AEA24477CC200D2A738 /* LaunchScreen.storyboard */,
			);
			path = Support;
			sourceTree = "<group>";
		};
		3285A8FB24479DF700C1E9B9 /* Views */ = {
			isa = PBXGroup;
			children = (
				3285A8F9244797BF00C1E9B9 /* TNHeaderStoryView.swift */,
				3224BDE424522DCF00D861F6 /* TNLoadingView.swift */,
			);
			path = Views;
			sourceTree = "<group>";
		};
		3285A8FC24479E3500C1E9B9 /* Image Views */ = {
			isa = PBXGroup;
			children = (
				3285A8FD24479E5600C1E9B9 /* TNImageView.swift */,
			);
			path = "Image Views";
			sourceTree = "<group>";
		};
		3285A9002447A0B100C1E9B9 /* Labels */ = {
			isa = PBXGroup;
			children = (
				3285A9012447A10700C1E9B9 /* TNSecondaryTitleLabel.swift */,
				3285A9032447A77600C1E9B9 /* TNTitleLabel.swift */,
			);
			path = Labels;
			sourceTree = "<group>";
		};
		3285A9052447B40A00C1E9B9 /* TabBar Controller */ = {
			isa = PBXGroup;
			children = (
				3285A9062447B43700C1E9B9 /* TNTabBarController.swift */,
			);
			path = "TabBar Controller";
			sourceTree = "<group>";
		};
		3285A9082448874100C1E9B9 /* Model */ = {
			isa = PBXGroup;
			children = (
				3285A9092448875A00C1E9B9 /* Response.swift */,
				3285A90C244887C900C1E9B9 /* Article.swift */,
				3285A90E2448895E00C1E9B9 /* Source.swift */,
			);
			path = Model;
			sourceTree = "<group>";
		};
		3285A9102448C78C00C1E9B9 /* Managers */ = {
			isa = PBXGroup;
			children = (
				326614AC253DA332000A032F /* Network */,
			);
			path = Managers;
			sourceTree = "<group>";
		};
		3285A9132448D03E00C1E9B9 /* Utilities */ = {
			isa = PBXGroup;
			children = (
				3285A9142448D05E00C1E9B9 /* TNError.swift */,
				326614A6253C6253000A032F /* Constants.swift */,
			);
			path = Utilities;
			sourceTree = "<group>";
		};
		3285A916244A0A4200C1E9B9 /* Cells */ = {
			isa = PBXGroup;
			children = (
				3285A917244A0A5D00C1E9B9 /* ArticleCell.swift */,
				326614A9253C62B4000A032F /* ArticleSearchResultCell.swift */,
			);
			path = Cells;
			sourceTree = "<group>";
		};
		3285A919244C99AF00C1E9B9 /* Extensions */ = {
			isa = PBXGroup;
			children = (
				3285A91A244C99CD00C1E9B9 /* String+Ext.swift */,
				3285A91C244DC98900C1E9B9 /* Array+Ext.swift */,
				3285A91E244E103500C1E9B9 /* Date+Ext.swift */,
				3224BDE62452338E00D861F6 /* UIViewController+Ext.swift */,
			);
			path = Extensions;
			sourceTree = "<group>";
		};
		32B71AD324477CBC00D2A738 = {
			isa = PBXGroup;
			children = (
				32B71ADE24477CBC00D2A738 /* Tech News */,
				32B71ADD24477CBC00D2A738 /* Products */,
			);
			sourceTree = "<group>";
		};
		32B71ADD24477CBC00D2A738 /* Products */ = {
			isa = PBXGroup;
			children = (
				32B71ADC24477CBC00D2A738 /* Tech News.app */,
			);
			name = Products;
			sourceTree = "<group>";
		};
		32B71ADE24477CBC00D2A738 /* Tech News */ = {
			isa = PBXGroup;
			children = (
				3285A919244C99AF00C1E9B9 /* Extensions */,
				3285A8F82447977400C1E9B9 /* Support */,
				3285A9132448D03E00C1E9B9 /* Utilities */,
				3285A9102448C78C00C1E9B9 /* Managers */,
				3285A9082448874100C1E9B9 /* Model */,
				3285A8F72447976700C1E9B9 /* Custom Views */,
				32B71AF324477E3400D2A738 /* Screens */,
				32B71AED24477CC200D2A738 /* Info.plist */,
			);
			path = "Tech News";
			sourceTree = "<group>";
		};
		32B71AF324477E3400D2A738 /* Screens */ = {
			isa = PBXGroup;
			children = (
				32B71AE324477CBC00D2A738 /* NewsViewController.swift */,
				32B71AF424477E8500D2A738 /* SearchViewController.swift */,
			);
			path = Screens;
			sourceTree = "<group>";
		};
/* End PBXGroup section */

/* Begin PBXNativeTarget section */
		32B71ADB24477CBC00D2A738 /* Tech News */ = {
			isa = PBXNativeTarget;
			buildConfigurationList = 32B71AF024477CC200D2A738 /* Build configuration list for PBXNativeTarget "Tech News" */;
			buildPhases = (
				32B71AD824477CBC00D2A738 /* Sources */,
				32B71AD924477CBC00D2A738 /* Frameworks */,
				32B71ADA24477CBC00D2A738 /* Resources */,
			);
			buildRules = (
			);
			dependencies = (
			);
			name = "Tech News";
			packageProductDependencies = (
				32A1B32B2539B4D70090FBC3 /* SDWebImage */,
			);
			productName = "Tech News";
			productReference = 32B71ADC24477CBC00D2A738 /* Tech News.app */;
			productType = "com.apple.product-type.application";
		};
/* End PBXNativeTarget section */

/* Begin PBXProject section */
		32B71AD424477CBC00D2A738 /* Project object */ = {
			isa = PBXProject;
			attributes = {
				LastSwiftUpdateCheck = 1140;
				LastUpgradeCheck = 1140;
				ORGANIZATIONNAME = "Emmanuel Ashley";
				TargetAttributes = {
					32B71ADB24477CBC00D2A738 = {
						CreatedOnToolsVersion = 11.4;
					};
				};
			};
			buildConfigurationList = 32B71AD724477CBC00D2A738 /* Build configuration list for PBXProject "Tech News" */;
			compatibilityVersion = "Xcode 9.3";
			developmentRegion = en;
			hasScannedForEncodings = 0;
			knownRegions = (
				en,
				Base,
			);
			mainGroup = 32B71AD324477CBC00D2A738;
			packageReferences = (
				32A1B32A2539B4D70090FBC3 /* XCRemoteSwiftPackageReference "SDWebImage" */,
			);
			productRefGroup = 32B71ADD24477CBC00D2A738 /* Products */;
			projectDirPath = "";
			projectRoot = "";
			targets = (
				32B71ADB24477CBC00D2A738 /* Tech News */,
			);
		};
/* End PBXProject section */

/* Begin PBXResourcesBuildPhase section */
		32B71ADA24477CBC00D2A738 /* Resources */ = {
			isa = PBXResourcesBuildPhase;
			buildActionMask = 2147483647;
			files = (
				32B71AEC24477CC200D2A738 /* LaunchScreen.storyboard in Resources */,
				32B71AE924477CC200D2A738 /* Assets.xcassets in Resources */,
			);
			runOnlyForDeploymentPostprocessing = 0;
		};
/* End PBXResourcesBuildPhase section */

/* Begin PBXSourcesBuildPhase section */
		32B71AD824477CBC00D2A738 /* Sources */ = {
			isa = PBXSourcesBuildPhase;
			buildActionMask = 2147483647;
			files = (
				3285A90D244887C900C1E9B9 /* Article.swift in Sources */,
				3285A9022447A10700C1E9B9 /* TNSecondaryTitleLabel.swift in Sources */,
				3285A9152448D05E00C1E9B9 /* TNError.swift in Sources */,
				3285A8FA244797BF00C1E9B9 /* TNHeaderStoryView.swift in Sources */,
				3285A9122448C7AF00C1E9B9 /* NetworkManager.swift in Sources */,
				32B71AF524477E8500D2A738 /* SearchViewController.swift in Sources */,
				32B71AE424477CBC00D2A738 /* NewsViewController.swift in Sources */,
				3285A90A2448875A00C1E9B9 /* Response.swift in Sources */,
				3285A918244A0A5D00C1E9B9 /* ArticleCell.swift in Sources */,
				3285A91F244E103600C1E9B9 /* Date+Ext.swift in Sources */,
				32B71AE024477CBC00D2A738 /* AppDelegate.swift in Sources */,
				326614A7253C6253000A032F /* Constants.swift in Sources */,
				3285A9042447A77600C1E9B9 /* TNTitleLabel.swift in Sources */,
				326614AA253C62B4000A032F /* ArticleSearchResultCell.swift in Sources */,
				3285A91D244DC98900C1E9B9 /* Array+Ext.swift in Sources */,
				3285A90F2448895E00C1E9B9 /* Source.swift in Sources */,
				3224BDE72452338E00D861F6 /* UIViewController+Ext.swift in Sources */,
				326614AE253DA347000A032F /* Endpoint.swift in Sources */,
				3285A8FE24479E5600C1E9B9 /* TNImageView.swift in Sources */,
				3224BDE524522DCF00D861F6 /* TNLoadingView.swift in Sources */,
				32B71AE224477CBC00D2A738 /* SceneDelegate.swift in Sources */,
				3285A91B244C99CD00C1E9B9 /* String+Ext.swift in Sources */,
				3285A9072447B43700C1E9B9 /* TNTabBarController.swift in Sources */,
			);
			runOnlyForDeploymentPostprocessing = 0;
		};
/* End PBXSourcesBuildPhase section */

/* Begin PBXVariantGroup section */
		32B71AEA24477CC200D2A738 /* LaunchScreen.storyboard */ = {
			isa = PBXVariantGroup;
			children = (
				32B71AEB24477CC200D2A738 /* Base */,
			);
			name = LaunchScreen.storyboard;
			sourceTree = "<group>";
		};
/* End PBXVariantGroup section */

/* Begin XCBuildConfiguration section */
		32B71AEE24477CC200D2A738 /* Debug */ = {
			isa = XCBuildConfiguration;
			buildSettings = {
				ALWAYS_SEARCH_USER_PATHS = NO;
				CLANG_ANALYZER_NONNULL = YES;
				CLANG_ANALYZER_NUMBER_OBJECT_CONVERSION = YES_AGGRESSIVE;
				CLANG_CXX_LANGUAGE_STANDARD = "gnu++14";
				CLANG_CXX_LIBRARY = "libc++";
				CLANG_ENABLE_MODULES = YES;
				CLANG_ENABLE_OBJC_ARC = YES;
				CLANG_ENABLE_OBJC_WEAK = YES;
				CLANG_WARN_BLOCK_CAPTURE_AUTORELEASING = YES;
				CLANG_WARN_BOOL_CONVERSION = YES;
				CLANG_WARN_COMMA = YES;
				CLANG_WARN_CONSTANT_CONVERSION = YES;
				CLANG_WARN_DEPRECATED_OBJC_IMPLEMENTATIONS = YES;
				CLANG_WARN_DIRECT_OBJC_ISA_USAGE = YES_ERROR;
				CLANG_WARN_DOCUMENTATION_COMMENTS = YES;
				CLANG_WARN_EMPTY_BODY = YES;
				CLANG_WARN_ENUM_CONVERSION = YES;
				CLANG_WARN_INFINITE_RECURSION = YES;
				CLANG_WARN_INT_CONVERSION = YES;
				CLANG_WARN_NON_LITERAL_NULL_CONVERSION = YES;
				CLANG_WARN_OBJC_IMPLICIT_RETAIN_SELF = YES;
				CLANG_WARN_OBJC_LITERAL_CONVERSION = YES;
				CLANG_WARN_OBJC_ROOT_CLASS = YES_ERROR;
				CLANG_WARN_RANGE_LOOP_ANALYSIS = YES;
				CLANG_WARN_STRICT_PROTOTYPES = YES;
				CLANG_WARN_SUSPICIOUS_MOVE = YES;
				CLANG_WARN_UNGUARDED_AVAILABILITY = YES_AGGRESSIVE;
				CLANG_WARN_UNREACHABLE_CODE = YES;
				CLANG_WARN__DUPLICATE_METHOD_MATCH = YES;
				COPY_PHASE_STRIP = NO;
				DEBUG_INFORMATION_FORMAT = dwarf;
				ENABLE_STRICT_OBJC_MSGSEND = YES;
				ENABLE_TESTABILITY = YES;
				GCC_C_LANGUAGE_STANDARD = gnu11;
				GCC_DYNAMIC_NO_PIC = NO;
				GCC_NO_COMMON_BLOCKS = YES;
				GCC_OPTIMIZATION_LEVEL = 0;
				GCC_PREPROCESSOR_DEFINITIONS = (
					"DEBUG=1",
					"$(inherited)",
				);
				GCC_WARN_64_TO_32_BIT_CONVERSION = YES;
				GCC_WARN_ABOUT_RETURN_TYPE = YES_ERROR;
				GCC_WARN_UNDECLARED_SELECTOR = YES;
				GCC_WARN_UNINITIALIZED_AUTOS = YES_AGGRESSIVE;
				GCC_WARN_UNUSED_FUNCTION = YES;
				GCC_WARN_UNUSED_VARIABLE = YES;
				IPHONEOS_DEPLOYMENT_TARGET = 13.4;
				MTL_ENABLE_DEBUG_INFO = INCLUDE_SOURCE;
				MTL_FAST_MATH = YES;
				ONLY_ACTIVE_ARCH = YES;
				SDKROOT = iphoneos;
				SWIFT_ACTIVE_COMPILATION_CONDITIONS = DEBUG;
				SWIFT_OPTIMIZATION_LEVEL = "-Onone";
			};
			name = Debug;
		};
		32B71AEF24477CC200D2A738 /* Release */ = {
			isa = XCBuildConfiguration;
			buildSettings = {
				ALWAYS_SEARCH_USER_PATHS = NO;
				CLANG_ANALYZER_NONNULL = YES;
				CLANG_ANALYZER_NUMBER_OBJECT_CONVERSION = YES_AGGRESSIVE;
				CLANG_CXX_LANGUAGE_STANDARD = "gnu++14";
				CLANG_CXX_LIBRARY = "libc++";
				CLANG_ENABLE_MODULES = YES;
				CLANG_ENABLE_OBJC_ARC = YES;
				CLANG_ENABLE_OBJC_WEAK = YES;
				CLANG_WARN_BLOCK_CAPTURE_AUTORELEASING = YES;
				CLANG_WARN_BOOL_CONVERSION = YES;
				CLANG_WARN_COMMA = YES;
				CLANG_WARN_CONSTANT_CONVERSION = YES;
				CLANG_WARN_DEPRECATED_OBJC_IMPLEMENTATIONS = YES;
				CLANG_WARN_DIRECT_OBJC_ISA_USAGE = YES_ERROR;
				CLANG_WARN_DOCUMENTATION_COMMENTS = YES;
				CLANG_WARN_EMPTY_BODY = YES;
				CLANG_WARN_ENUM_CONVERSION = YES;
				CLANG_WARN_INFINITE_RECURSION = YES;
				CLANG_WARN_INT_CONVERSION = YES;
				CLANG_WARN_NON_LITERAL_NULL_CONVERSION = YES;
				CLANG_WARN_OBJC_IMPLICIT_RETAIN_SELF = YES;
				CLANG_WARN_OBJC_LITERAL_CONVERSION = YES;
				CLANG_WARN_OBJC_ROOT_CLASS = YES_ERROR;
				CLANG_WARN_RANGE_LOOP_ANALYSIS = YES;
				CLANG_WARN_STRICT_PROTOTYPES = YES;
				CLANG_WARN_SUSPICIOUS_MOVE = YES;
				CLANG_WARN_UNGUARDED_AVAILABILITY = YES_AGGRESSIVE;
				CLANG_WARN_UNREACHABLE_CODE = YES;
				CLANG_WARN__DUPLICATE_METHOD_MATCH = YES;
				COPY_PHASE_STRIP = NO;
				DEBUG_INFORMATION_FORMAT = "dwarf-with-dsym";
				ENABLE_NS_ASSERTIONS = NO;
				ENABLE_STRICT_OBJC_MSGSEND = YES;
				GCC_C_LANGUAGE_STANDARD = gnu11;
				GCC_NO_COMMON_BLOCKS = YES;
				GCC_WARN_64_TO_32_BIT_CONVERSION = YES;
				GCC_WARN_ABOUT_RETURN_TYPE = YES_ERROR;
				GCC_WARN_UNDECLARED_SELECTOR = YES;
				GCC_WARN_UNINITIALIZED_AUTOS = YES_AGGRESSIVE;
				GCC_WARN_UNUSED_FUNCTION = YES;
				GCC_WARN_UNUSED_VARIABLE = YES;
				IPHONEOS_DEPLOYMENT_TARGET = 13.4;
				MTL_ENABLE_DEBUG_INFO = NO;
				MTL_FAST_MATH = YES;
				SDKROOT = iphoneos;
				SWIFT_COMPILATION_MODE = wholemodule;
				SWIFT_OPTIMIZATION_LEVEL = "-O";
				VALIDATE_PRODUCT = YES;
			};
			name = Release;
		};
		32B71AF124477CC200D2A738 /* Debug */ = {
			isa = XCBuildConfiguration;
			buildSettings = {
				ASSETCATALOG_COMPILER_APPICON_NAME = AppIcon;
				CODE_SIGN_STYLE = Automatic;
				DEVELOPMENT_TEAM = SJ24EL3RLW;
				INFOPLIST_FILE = "Tech News/Info.plist";
				LD_RUNPATH_SEARCH_PATHS = (
					"$(inherited)",
					"@executable_path/Frameworks",
				);
				PRODUCT_BUNDLE_IDENTIFIER = "com.enkkashley.Tech-News";
				PRODUCT_NAME = "$(TARGET_NAME)";
				SWIFT_VERSION = 5.0;
				TARGETED_DEVICE_FAMILY = "1,2";
			};
			name = Debug;
		};
		32B71AF224477CC200D2A738 /* Release */ = {
			isa = XCBuildConfiguration;
			buildSettings = {
				ASSETCATALOG_COMPILER_APPICON_NAME = AppIcon;
				CODE_SIGN_STYLE = Automatic;
				DEVELOPMENT_TEAM = SJ24EL3RLW;
				INFOPLIST_FILE = "Tech News/Info.plist";
				LD_RUNPATH_SEARCH_PATHS = (
					"$(inherited)",
					"@executable_path/Frameworks",
				);
				PRODUCT_BUNDLE_IDENTIFIER = "com.enkkashley.Tech-News";
				PRODUCT_NAME = "$(TARGET_NAME)";
				SWIFT_VERSION = 5.0;
				TARGETED_DEVICE_FAMILY = "1,2";
			};
			name = Release;
		};
/* End XCBuildConfiguration section */

/* Begin XCConfigurationList section */
		32B71AD724477CBC00D2A738 /* Build configuration list for PBXProject "Tech News" */ = {
			isa = XCConfigurationList;
			buildConfigurations = (
				32B71AEE24477CC200D2A738 /* Debug */,
				32B71AEF24477CC200D2A738 /* Release */,
			);
			defaultConfigurationIsVisible = 0;
			defaultConfigurationName = Release;
		};
		32B71AF024477CC200D2A738 /* Build configuration list for PBXNativeTarget "Tech News" */ = {
			isa = XCConfigurationList;
			buildConfigurations = (
				32B71AF124477CC200D2A738 /* Debug */,
				32B71AF224477CC200D2A738 /* Release */,
			);
			defaultConfigurationIsVisible = 0;
			defaultConfigurationName = Release;
		};
/* End XCConfigurationList section */

/* Begin XCRemoteSwiftPackageReference section */
		32A1B32A2539B4D70090FBC3 /* XCRemoteSwiftPackageReference "SDWebImage" */ = {
			isa = XCRemoteSwiftPackageReference;
			repositoryURL = "https://github.com/SDWebImage/SDWebImage.git";
			requirement = {
				kind = upToNextMajorVersion;
				minimumVersion = 5.9.3;
			};
		};
/* End XCRemoteSwiftPackageReference section */

/* Begin XCSwiftPackageProductDependency section */
		32A1B32B2539B4D70090FBC3 /* SDWebImage */ = {
			isa = XCSwiftPackageProductDependency;
			package = 32A1B32A2539B4D70090FBC3 /* XCRemoteSwiftPackageReference "SDWebImage" */;
			productName = SDWebImage;
		};
/* End XCSwiftPackageProductDependency section */
	};
	rootObject = 32B71AD424477CBC00D2A738 /* Project object */;
}
