{
  "object": {
    "pins": [
      {
        "package": "SDWebImage",
        "repositoryURL": "https://github.com/SDWebImage/SDWebImage.git",
        "state": {
          "branch": null,
          "revision": "a71dcd2b43de1d948b203249b7e1dee328e8016d",
          "version": "5.9.3"
        }
      }
    ]
  },
  "version": 1
}
